
Microsoft Visual Studio Solution File, Format Version 12.00
# Visual Studio Version 16
VisualStudioVersion = 16.0.31005.135
MinimumVisualStudioVersion = 10.0.40219.1
Project("{9A19103F-16F7-4668-BE54-9A1E7A4F7556}") = "Application", "src\Application\Application.csproj", "{4B28067D-F3D1-4C03-B622-0E88328A69FA}"
EndProject
Project("{9A19103F-16F7-4668-BE54-9A1E7A4F7556}") = "Domain", "src\Domain\Domain.csproj", "{676B6904-D3A9-4588-B93C-3DDBFB1CE4CE}"
EndProject
Project("{9A19103F-16F7-4668-BE54-9A1E7A4F7556}") = "Infra.CrossCutting.Ioc", "src\Infra\Infra.CrossCutting.Ioc.csproj", "{E526A6A7-055C-4E7F-A916-EFBA48D59F93}"
EndProject
Project("{9A19103F-16F7-4668-BE54-9A1E7A4F7556}") = "Presentation", "src\Presentation\Presentation.csproj", "{E15418C8-B2A4-47EB-B549-DDA08E896B90}"
EndProject
Project("{9A19103F-16F7-4668-BE54-9A1E7A4F7556}") = "Tests", "test\Tests.csproj", "{339B763A-A096-446E-8E64-82D789CE651E}"
EndProject
Global
	GlobalSection(SolutionConfigurationPlatforms) = preSolution
		Debug|Any CPU = Debug|Any CPU
		Release|Any CPU = Release|Any CPU
	EndGlobalSection
	GlobalSection(ProjectConfigurationPlatforms) = postSolution
		{4B28067D-F3D1-4C03-B622-0E88328A69FA}.Debug|Any CPU.ActiveCfg = Debug|Any CPU
		{4B28067D-F3D1-4C03-B622-0E88328A69FA}.Debug|Any CPU.Build.0 = Debug|Any CPU
		{4B28067D-F3D1-4C03-B622-0E88328A69FA}.Release|Any CPU.ActiveCfg = Release|Any CPU
		{4B28067D-F3D1-4C03-B622-0E88328A69FA}.Release|Any CPU.Build.0 = Release|Any CPU
		{676B6904-D3A9-4588-B93C-3DDBFB1CE4CE}.Debug|Any CPU.ActiveCfg = Debug|Any CPU
		{676B6904-D3A9-4588-B93C-3DDBFB1CE4CE}.Debug|Any CPU.Build.0 = Debug|Any CPU
		{676B6904-D3A9-4588-B93C-3DDBFB1CE4CE}.Release|Any CPU.ActiveCfg = Release|Any CPU
		{676B6904-D3A9-4588-B93C-3DDBFB1CE4CE}.Release|Any CPU.Build.0 = Release|Any CPU
		{E526A6A7-055C-4E7F-A916-EFBA48D59F93}.Debug|Any CPU.ActiveCfg = Debug|Any CPU
		{E526A6A7-055C-4E7F-A916-EFBA48D59F93}.Debug|Any CPU.Build.0 = Debug|Any CPU
		{E526A6A7-055C-4E7F-A916-EFBA48D59F93}.Release|Any CPU.ActiveCfg = Release|Any CPU
		{E526A6A7-055C-4E7F-A916-EFBA48D59F93}.Release|Any CPU.Build.0 = Release|Any CPU
		{E15418C8-B2A4-47EB-B549-DDA08E896B90}.Debug|Any CPU.ActiveCfg = Debug|Any CPU
		{E15418C8-B2A4-47EB-B549-DDA08E896B90}.Debug|Any CPU.Build.0 = Debug|Any CPU
		{E15418C8-B2A4-47EB-B549-DDA08E896B90}.Release|Any CPU.ActiveCfg = Release|Any CPU
		{E15418C8-B2A4-47EB-B549-DDA08E896B90}.Release|Any CPU.Build.0 = Release|Any CPU
		{339B763A-A096-446E-8E64-82D789CE651E}.Debug|Any CPU.ActiveCfg = Debug|Any CPU
		{339B763A-A096-446E-8E64-82D789CE651E}.Debug|Any CPU.Build.0 = Debug|Any CPU
		{339B763A-A096-446E-8E64-82D789CE651E}.Release|Any CPU.ActiveCfg = Release|Any CPU
		{339B763A-A096-446E-8E64-82D789CE651E}.Release|Any CPU.Build.0 = Release|Any CPU
	EndGlobalSection
	GlobalSection(SolutionProperties) = preSolution
		HideSolutionNode = FALSE
	EndGlobalSection
	GlobalSection(ExtensibilityGlobals) = postSolution
		SolutionGuid = {8F256290-580D-4BAA-9375-5E581A2A1BE1}
	EndGlobalSection
EndGlobal
